<Solution>
  <Folder Name="/src/" />
  <Folder Name="/test/">
    <Project Path="test/CommandBlock.Tests/CommandBlock.Tests.csproj" />
  </Folder>
  <Project Path="src/CommandBlock.API/CommandBlock.API.csproj" />
  <Project Path="src/CommandBlock.Application/CommandBlock.Application.csproj" />
  <Project Path="src/CommandBlock.Domain/CommandBlock.Domain.csproj" />
  <Project Path="src/CommandBlock.Infrastructure/CommandBlock.Infrastructure.csproj" />
</Solution>
